
Microsoft Visual Studio Solution File, Format Version 12.00
Project("{FAE04EC0-301F-11D3-BF4B-00C04F79EFBC}") = "WarningUnlock", "WarningUnlock\WarningUnlock.csproj", "{830266AC-BA01-4B90-838F-88896912103A}"
EndProject
Global
	GlobalSection(SolutionConfigurationPlatforms) = preSolution
		Debug|Any CPU = Debug|Any CPU
		Release|Any CPU = Release|Any CPU
	EndGlobalSection
	GlobalSection(ProjectConfigurationPlatforms) = postSolution
		{830266AC-BA01-4B90-838F-88896912103A}.Debug|Any CPU.ActiveCfg = Debug|Any CPU
		{830266AC-BA01-4B90-838F-88896912103A}.Debug|Any CPU.Build.0 = Debug|Any CPU
		{830266AC-BA01-4B90-838F-88896912103A}.Release|Any CPU.ActiveCfg = Release|Any CPU
		{830266AC-BA01-4B90-838F-88896912103A}.Release|Any CPU.Build.0 = Release|Any CPU
	EndGlobalSection
EndGlobal
